
Microsoft Visual Studio Solution File, Format Version 12.00
# Visual Studio Version 16
VisualStudioVersion = 25.0.1700.0
MinimumVisualStudioVersion = 10.0.40219.1
Project("{FAE04EC0-301F-11D3-BF4B-00C04F79EFBC}") = "enumdersi", "enumdersi\enumdersi.csproj", "{9B980183-70EB-4D72-ABAB-1417D6621309}"
EndProject
Global
	GlobalSection(SolutionConfigurationPlatforms) = preSolution
		Debug|Any CPU = Debug|Any CPU
		Release|Any CPU = Release|Any CPU
	EndGlobalSection
	GlobalSection(ProjectConfigurationPlatforms) = postSolution
		{9B980183-70EB-4D72-ABAB-1417D6621309}.Debug|Any CPU.ActiveCfg = Debug|Any CPU
		{9B980183-70EB-4D72-ABAB-1417D6621309}.Debug|Any CPU.Build.0 = Debug|Any CPU
		{9B980183-70EB-4D72-ABAB-1417D6621309}.Release|Any CPU.ActiveCfg = Release|Any CPU
		{9B980183-70EB-4D72-ABAB-1417D6621309}.Release|Any CPU.Build.0 = Release|Any CPU
	EndGlobalSection
	GlobalSection(SolutionProperties) = preSolution
		HideSolutionNode = FALSE
	EndGlobalSection
	GlobalSection(ExtensibilityGlobals) = postSolution
		SolutionGuid = {F949D468-DF5F-460C-A65F-58DB905C88CD}
	EndGlobalSection
EndGlobal
